
Microsoft Visual Studio Solution File, Format Version 12.00
# Visual Studio Version 16
VisualStudioVersion = 16.0.31025.194
MinimumVisualStudioVersion = 10.0.40219.1
Project("{9A19103F-16F7-4668-BE54-9A1E7A4F7556}") = "PtrotectFarmByWildAnimal", "PtrotectFarmByWildAnimal\PtrotectFarmByWildAnimal.csproj", "{D77742A5-5C21-4F9F-B227-6FC8878919B4}"
EndProject
Project("{9A19103F-16F7-4668-BE54-9A1E7A4F7556}") = "IdentifyManOrMonkeyCustomVision", "IdentifyManOrMonkeyCustomVision\IdentifyManOrMonkeyCustomVision.csproj", "{FA10F320-9C6D-4968-8F9C-4C8E2C4F4F7B}"
EndProject
Project("{FAE04EC0-301F-11D3-BF4B-00C04F79EFBC}") = "ProtectFarm.UWP", "ProtectFarm\ProtectFarm.UWP\ProtectFarm.UWP.csproj", "{B1304380-3EC8-4E12-8038-FB2A87DABF60}"
EndProject
Project("{FAE04EC0-301F-11D3-BF4B-00C04F79EFBC}") = "ProtectFarm.Android", "ProtectFarm\ProtectFarm.Android\ProtectFarm.Android.csproj", "{CB584F98-FC85-4A47-8528-8A7FF806BD52}"
EndProject
Project("{FAE04EC0-301F-11D3-BF4B-00C04F79EFBC}") = "ProtectFarm.iOS", "ProtectFarm\ProtectFarm.iOS\ProtectFarm.iOS.csproj", "{6E38254C-60A5-4B46-8D94-AA4DC9544A4B}"
EndProject
Project("{FAE04EC0-301F-11D3-BF4B-00C04F79EFBC}") = "ProtectFarm", "ProtectFarm\ProtectFarm\ProtectFarm.csproj", "{5E96D929-A053-4EB8-8D1F-B672B699B243}"
EndProject
Global
	GlobalSection(SolutionConfigurationPlatforms) = preSolution
		Debug|Any CPU = Debug|Any CPU
		Debug|ARM = Debug|ARM
		Debug|iPhone = Debug|iPhone
		Debug|iPhoneSimulator = Debug|iPhoneSimulator
		Debug|x64 = Debug|x64
		Debug|x86 = Debug|x86
		Release|Any CPU = Release|Any CPU
		Release|ARM = Release|ARM
		Release|iPhone = Release|iPhone
		Release|iPhoneSimulator = Release|iPhoneSimulator
		Release|x64 = Release|x64
		Release|x86 = Release|x86
	EndGlobalSection
	GlobalSection(ProjectConfigurationPlatforms) = postSolution
		{D77742A5-5C21-4F9F-B227-6FC8878919B4}.Debug|Any CPU.ActiveCfg = Debug|Any CPU
		{D77742A5-5C21-4F9F-B227-6FC8878919B4}.Debug|Any CPU.Build.0 = Debug|Any CPU
		{D77742A5-5C21-4F9F-B227-6FC8878919B4}.Debug|ARM.ActiveCfg = Debug|Any CPU
		{D77742A5-5C21-4F9F-B227-6FC8878919B4}.Debug|ARM.Build.0 = Debug|Any CPU
		{D77742A5-5C21-4F9F-B227-6FC8878919B4}.Debug|iPhone.ActiveCfg = Debug|Any CPU
		{D77742A5-5C21-4F9F-B227-6FC8878919B4}.Debug|iPhone.Build.0 = Debug|Any CPU
		{D77742A5-5C21-4F9F-B227-6FC8878919B4}.Debug|iPhoneSimulator.ActiveCfg = Debug|Any CPU
		{D77742A5-5C21-4F9F-B227-6FC8878919B4}.Debug|iPhoneSimulator.Build.0 = Debug|Any CPU
		{D77742A5-5C21-4F9F-B227-6FC8878919B4}.Debug|x64.ActiveCfg = Debug|Any CPU
		{D77742A5-5C21-4F9F-B227-6FC8878919B4}.Debug|x64.Build.0 = Debug|Any CPU
		{D77742A5-5C21-4F9F-B227-6FC8878919B4}.Debug|x86.ActiveCfg = Debug|Any CPU
		{D77742A5-5C21-4F9F-B227-6FC8878919B4}.Debug|x86.Build.0 = Debug|Any CPU
		{D77742A5-5C21-4F9F-B227-6FC8878919B4}.Release|Any CPU.ActiveCfg = Release|Any CPU
		{D77742A5-5C21-4F9F-B227-6FC8878919B4}.Release|Any CPU.Build.0 = Release|Any CPU
		{D77742A5-5C21-4F9F-B227-6FC8878919B4}.Release|ARM.ActiveCfg = Release|Any CPU
		{D77742A5-5C21-4F9F-B227-6FC8878919B4}.Release|ARM.Build.0 = Release|Any CPU
		{D77742A5-5C21-4F9F-B227-6FC8878919B4}.Release|iPhone.ActiveCfg = Release|Any CPU
		{D77742A5-5C21-4F9F-B227-6FC8878919B4}.Release|iPhone.Build.0 = Release|Any CPU
		{D77742A5-5C21-4F9F-B227-6FC8878919B4}.Release|iPhoneSimulator.ActiveCfg = Release|Any CPU
		{D77742A5-5C21-4F9F-B227-6FC8878919B4}.Release|iPhoneSimulator.Build.0 = Release|Any CPU
		{D77742A5-5C21-4F9F-B227-6FC8878919B4}.Release|x64.ActiveCfg = Release|Any CPU
		{D77742A5-5C21-4F9F-B227-6FC8878919B4}.Release|x64.Build.0 = Release|Any CPU
		{D77742A5-5C21-4F9F-B227-6FC8878919B4}.Release|x86.ActiveCfg = Release|Any CPU
		{D77742A5-5C21-4F9F-B227-6FC8878919B4}.Release|x86.Build.0 = Release|Any CPU
		{FA10F320-9C6D-4968-8F9C-4C8E2C4F4F7B}.Debug|Any CPU.ActiveCfg = Debug|Any CPU
		{FA10F320-9C6D-4968-8F9C-4C8E2C4F4F7B}.Debug|Any CPU.Build.0 = Debug|Any CPU
		{FA10F320-9C6D-4968-8F9C-4C8E2C4F4F7B}.Debug|ARM.ActiveCfg = Debug|Any CPU
		{FA10F320-9C6D-4968-8F9C-4C8E2C4F4F7B}.Debug|ARM.Build.0 = Debug|Any CPU
		{FA10F320-9C6D-4968-8F9C-4C8E2C4F4F7B}.Debug|iPhone.ActiveCfg = Debug|Any CPU
		{FA10F320-9C6D-4968-8F9C-4C8E2C4F4F7B}.Debug|iPhone.Build.0 = Debug|Any CPU
		{FA10F320-9C6D-4968-8F9C-4C8E2C4F4F7B}.Debug|iPhoneSimulator.ActiveCfg = Debug|Any CPU
		{FA10F320-9C6D-4968-8F9C-4C8E2C4F4F7B}.Debug|iPhoneSimulator.Build.0 = Debug|Any CPU
		{FA10F320-9C6D-4968-8F9C-4C8E2C4F4F7B}.Debug|x64.ActiveCfg = Debug|Any CPU
		{FA10F320-9C6D-4968-8F9C-4C8E2C4F4F7B}.Debug|x64.Build.0 = Debug|Any CPU
		{FA10F320-9C6D-4968-8F9C-4C8E2C4F4F7B}.Debug|x86.ActiveCfg = Debug|Any CPU
		{FA10F320-9C6D-4968-8F9C-4C8E2C4F4F7B}.Debug|x86.Build.0 = Debug|Any CPU
		{FA10F320-9C6D-4968-8F9C-4C8E2C4F4F7B}.Release|Any CPU.ActiveCfg = Release|Any CPU
		{FA10F320-9C6D-4968-8F9C-4C8E2C4F4F7B}.Release|Any CPU.Build.0 = Release|Any CPU
		{FA10F320-9C6D-4968-8F9C-4C8E2C4F4F7B}.Release|ARM.ActiveCfg = Release|Any CPU
		{FA10F320-9C6D-4968-8F9C-4C8E2C4F4F7B}.Release|ARM.Build.0 = Release|Any CPU
		{FA10F320-9C6D-4968-8F9C-4C8E2C4F4F7B}.Release|iPhone.ActiveCfg = Release|Any CPU
		{FA10F320-9C6D-4968-8F9C-4C8E2C4F4F7B}.Release|iPhone.Build.0 = Release|Any CPU
		{FA10F320-9C6D-4968-8F9C-4C8E2C4F4F7B}.Release|iPhoneSimulator.ActiveCfg = Release|Any CPU
		{FA10F320-9C6D-4968-8F9C-4C8E2C4F4F7B}.Release|iPhoneSimulator.Build.0 = Release|Any CPU
		{FA10F320-9C6D-4968-8F9C-4C8E2C4F4F7B}.Release|x64.ActiveCfg = Release|Any CPU
		{FA10F320-9C6D-4968-8F9C-4C8E2C4F4F7B}.Release|x64.Build.0 = Release|Any CPU
		{FA10F320-9C6D-4968-8F9C-4C8E2C4F4F7B}.Release|x86.ActiveCfg = Release|Any CPU
		{FA10F320-9C6D-4968-8F9C-4C8E2C4F4F7B}.Release|x86.Build.0 = Release|Any CPU
		{B1304380-3EC8-4E12-8038-FB2A87DABF60}.Debug|Any CPU.ActiveCfg = Debug|x86
		{B1304380-3EC8-4E12-8038-FB2A87DABF60}.Debug|Any CPU.Build.0 = Debug|x86
		{B1304380-3EC8-4E12-8038-FB2A87DABF60}.Debug|Any CPU.Deploy.0 = Debug|x86
		{B1304380-3EC8-4E12-8038-FB2A87DABF60}.Debug|ARM.ActiveCfg = Debug|ARM
		{B1304380-3EC8-4E12-8038-FB2A87DABF60}.Debug|ARM.Build.0 = Debug|ARM
		{B1304380-3EC8-4E12-8038-FB2A87DABF60}.Debug|ARM.Deploy.0 = Debug|ARM
		{B1304380-3EC8-4E12-8038-FB2A87DABF60}.Debug|iPhone.ActiveCfg = Debug|x86
		{B1304380-3EC8-4E12-8038-FB2A87DABF60}.Debug|iPhoneSimulator.ActiveCfg = Debug|x86
		{B1304380-3EC8-4E12-8038-FB2A87DABF60}.Debug|x64.ActiveCfg = Debug|x64
		{B1304380-3EC8-4E12-8038-FB2A87DABF60}.Debug|x64.Build.0 = Debug|x64
		{B1304380-3EC8-4E12-8038-FB2A87DABF60}.Debug|x64.Deploy.0 = Debug|x64
		{B1304380-3EC8-4E12-8038-FB2A87DABF60}.Debug|x86.ActiveCfg = Debug|x86
		{B1304380-3EC8-4E12-8038-FB2A87DABF60}.Debug|x86.Build.0 = Debug|x86
		{B1304380-3EC8-4E12-8038-FB2A87DABF60}.Debug|x86.Deploy.0 = Debug|x86
		{B1304380-3EC8-4E12-8038-FB2A87DABF60}.Release|Any CPU.ActiveCfg = Release|x86
		{B1304380-3EC8-4E12-8038-FB2A87DABF60}.Release|ARM.ActiveCfg = Release|ARM
		{B1304380-3EC8-4E12-8038-FB2A87DABF60}.Release|ARM.Build.0 = Release|ARM
		{B1304380-3EC8-4E12-8038-FB2A87DABF60}.Release|ARM.Deploy.0 = Release|ARM
		{B1304380-3EC8-4E12-8038-FB2A87DABF60}.Release|iPhone.ActiveCfg = Release|x86
		{B1304380-3EC8-4E12-8038-FB2A87DABF60}.Release|iPhoneSimulator.ActiveCfg = Release|x86
		{B1304380-3EC8-4E12-8038-FB2A87DABF60}.Release|x64.ActiveCfg = Release|x64
		{B1304380-3EC8-4E12-8038-FB2A87DABF60}.Release|x64.Build.0 = Release|x64
		{B1304380-3EC8-4E12-8038-FB2A87DABF60}.Release|x64.Deploy.0 = Release|x64
		{B1304380-3EC8-4E12-8038-FB2A87DABF60}.Release|x86.ActiveCfg = Release|x86
		{B1304380-3EC8-4E12-8038-FB2A87DABF60}.Release|x86.Build.0 = Release|x86
		{B1304380-3EC8-4E12-8038-FB2A87DABF60}.Release|x86.Deploy.0 = Release|x86
		{CB584F98-FC85-4A47-8528-8A7FF806BD52}.Debug|Any CPU.ActiveCfg = Debug|Any CPU
		{CB584F98-FC85-4A47-8528-8A7FF806BD52}.Debug|Any CPU.Build.0 = Debug|Any CPU
		{CB584F98-FC85-4A47-8528-8A7FF806BD52}.Debug|Any CPU.Deploy.0 = Debug|Any CPU
		{CB584F98-FC85-4A47-8528-8A7FF806BD52}.Debug|ARM.ActiveCfg = Debug|Any CPU
		{CB584F98-FC85-4A47-8528-8A7FF806BD52}.Debug|ARM.Build.0 = Debug|Any CPU
		{CB584F98-FC85-4A47-8528-8A7FF806BD52}.Debug|ARM.Deploy.0 = Debug|Any CPU
		{CB584F98-FC85-4A47-8528-8A7FF806BD52}.Debug|iPhone.ActiveCfg = Debug|Any CPU
		{CB584F98-FC85-4A47-8528-8A7FF806BD52}.Debug|iPhone.Build.0 = Debug|Any CPU
		{CB584F98-FC85-4A47-8528-8A7FF806BD52}.Debug|iPhone.Deploy.0 = Debug|Any CPU
		{CB584F98-FC85-4A47-8528-8A7FF806BD52}.Debug|iPhoneSimulator.ActiveCfg = Debug|Any CPU
		{CB584F98-FC85-4A47-8528-8A7FF806BD52}.Debug|iPhoneSimulator.Build.0 = Debug|Any CPU
		{CB584F98-FC85-4A47-8528-8A7FF806BD52}.Debug|iPhoneSimulator.Deploy.0 = Debug|Any CPU
		{CB584F98-FC85-4A47-8528-8A7FF806BD52}.Debug|x64.ActiveCfg = Debug|Any CPU
		{CB584F98-FC85-4A47-8528-8A7FF806BD52}.Debug|x64.Build.0 = Debug|Any CPU
		{CB584F98-FC85-4A47-8528-8A7FF806BD52}.Debug|x64.Deploy.0 = Debug|Any CPU
		{CB584F98-FC85-4A47-8528-8A7FF806BD52}.Debug|x86.ActiveCfg = Debug|Any CPU
		{CB584F98-FC85-4A47-8528-8A7FF806BD52}.Debug|x86.Build.0 = Debug|Any CPU
		{CB584F98-FC85-4A47-8528-8A7FF806BD52}.Debug|x86.Deploy.0 = Debug|Any CPU
		{CB584F98-FC85-4A47-8528-8A7FF806BD52}.Release|Any CPU.ActiveCfg = Release|Any CPU
		{CB584F98-FC85-4A47-8528-8A7FF806BD52}.Release|Any CPU.Build.0 = Release|Any CPU
		{CB584F98-FC85-4A47-8528-8A7FF806BD52}.Release|Any CPU.Deploy.0 = Release|Any CPU
		{CB584F98-FC85-4A47-8528-8A7FF806BD52}.Release|ARM.ActiveCfg = Release|Any CPU
		{CB584F98-FC85-4A47-8528-8A7FF806BD52}.Release|ARM.Build.0 = Release|Any CPU
		{CB584F98-FC85-4A47-8528-8A7FF806BD52}.Release|ARM.Deploy.0 = Release|Any CPU
		{CB584F98-FC85-4A47-8528-8A7FF806BD52}.Release|iPhone.ActiveCfg = Release|Any CPU
		{CB584F98-FC85-4A47-8528-8A7FF806BD52}.Release|iPhone.Build.0 = Release|Any CPU
		{CB584F98-FC85-4A47-8528-8A7FF806BD52}.Release|iPhone.Deploy.0 = Release|Any CPU
		{CB584F98-FC85-4A47-8528-8A7FF806BD52}.Release|iPhoneSimulator.ActiveCfg = Release|Any CPU
		{CB584F98-FC85-4A47-8528-8A7FF806BD52}.Release|iPhoneSimulator.Build.0 = Release|Any CPU
		{CB584F98-FC85-4A47-8528-8A7FF806BD52}.Release|iPhoneSimulator.Deploy.0 = Release|Any CPU
		{CB584F98-FC85-4A47-8528-8A7FF806BD52}.Release|x64.ActiveCfg = Release|Any CPU
		{CB584F98-FC85-4A47-8528-8A7FF806BD52}.Release|x64.Build.0 = Release|Any CPU
		{CB584F98-FC85-4A47-8528-8A7FF806BD52}.Release|x64.Deploy.0 = Release|Any CPU
		{CB584F98-FC85-4A47-8528-8A7FF806BD52}.Release|x86.ActiveCfg = Release|Any CPU
		{CB584F98-FC85-4A47-8528-8A7FF806BD52}.Release|x86.Build.0 = Release|Any CPU
		{CB584F98-FC85-4A47-8528-8A7FF806BD52}.Release|x86.Deploy.0 = Release|Any CPU
		{6E38254C-60A5-4B46-8D94-AA4DC9544A4B}.Debug|Any CPU.ActiveCfg = Debug|iPhoneSimulator
		{6E38254C-60A5-4B46-8D94-AA4DC9544A4B}.Debug|Any CPU.Build.0 = Debug|iPhoneSimulator
		{6E38254C-60A5-4B46-8D94-AA4DC9544A4B}.Debug|ARM.ActiveCfg = Debug|iPhoneSimulator
		{6E38254C-60A5-4B46-8D94-AA4DC9544A4B}.Debug|iPhone.ActiveCfg = Debug|iPhone
		{6E38254C-60A5-4B46-8D94-AA4DC9544A4B}.Debug|iPhone.Build.0 = Debug|iPhone
		{6E38254C-60A5-4B46-8D94-AA4DC9544A4B}.Debug|iPhoneSimulator.ActiveCfg = Debug|iPhoneSimulator
		{6E38254C-60A5-4B46-8D94-AA4DC9544A4B}.Debug|iPhoneSimulator.Build.0 = Debug|iPhoneSimulator
		{6E38254C-60A5-4B46-8D94-AA4DC9544A4B}.Debug|x64.ActiveCfg = Debug|iPhoneSimulator
		{6E38254C-60A5-4B46-8D94-AA4DC9544A4B}.Debug|x86.ActiveCfg = Debug|iPhoneSimulator
		{6E38254C-60A5-4B46-8D94-AA4DC9544A4B}.Release|Any CPU.ActiveCfg = Release|iPhoneSimulator
		{6E38254C-60A5-4B46-8D94-AA4DC9544A4B}.Release|ARM.ActiveCfg = Release|iPhoneSimulator
		{6E38254C-60A5-4B46-8D94-AA4DC9544A4B}.Release|iPhone.ActiveCfg = Release|iPhone
		{6E38254C-60A5-4B46-8D94-AA4DC9544A4B}.Release|iPhone.Build.0 = Release|iPhone
		{6E38254C-60A5-4B46-8D94-AA4DC9544A4B}.Release|iPhoneSimulator.ActiveCfg = Release|iPhoneSimulator
		{6E38254C-60A5-4B46-8D94-AA4DC9544A4B}.Release|iPhoneSimulator.Build.0 = Release|iPhoneSimulator
		{6E38254C-60A5-4B46-8D94-AA4DC9544A4B}.Release|x64.ActiveCfg = Release|iPhoneSimulator
		{6E38254C-60A5-4B46-8D94-AA4DC9544A4B}.Release|x86.ActiveCfg = Release|iPhoneSimulator
		{5E96D929-A053-4EB8-8D1F-B672B699B243}.Debug|Any CPU.ActiveCfg = Debug|Any CPU
		{5E96D929-A053-4EB8-8D1F-B672B699B243}.Debug|Any CPU.Build.0 = Debug|Any CPU
		{5E96D929-A053-4EB8-8D1F-B672B699B243}.Debug|ARM.ActiveCfg = Debug|Any CPU
		{5E96D929-A053-4EB8-8D1F-B672B699B243}.Debug|ARM.Build.0 = Debug|Any CPU
		{5E96D929-A053-4EB8-8D1F-B672B699B243}.Debug|iPhone.ActiveCfg = Debug|Any CPU
		{5E96D929-A053-4EB8-8D1F-B672B699B243}.Debug|iPhone.Build.0 = Debug|Any CPU
		{5E96D929-A053-4EB8-8D1F-B672B699B243}.Debug|iPhoneSimulator.ActiveCfg = Debug|Any CPU
		{5E96D929-A053-4EB8-8D1F-B672B699B243}.Debug|iPhoneSimulator.Build.0 = Debug|Any CPU
		{5E96D929-A053-4EB8-8D1F-B672B699B243}.Debug|x64.ActiveCfg = Debug|Any CPU
		{5E96D929-A053-4EB8-8D1F-B672B699B243}.Debug|x64.Build.0 = Debug|Any CPU
		{5E96D929-A053-4EB8-8D1F-B672B699B243}.Debug|x86.ActiveCfg = Debug|Any CPU
		{5E96D929-A053-4EB8-8D1F-B672B699B243}.Debug|x86.Build.0 = Debug|Any CPU
		{5E96D929-A053-4EB8-8D1F-B672B699B243}.Release|Any CPU.ActiveCfg = Release|Any CPU
		{5E96D929-A053-4EB8-8D1F-B672B699B243}.Release|Any CPU.Build.0 = Release|Any CPU
		{5E96D929-A053-4EB8-8D1F-B672B699B243}.Release|ARM.ActiveCfg = Release|Any CPU
		{5E96D929-A053-4EB8-8D1F-B672B699B243}.Release|ARM.Build.0 = Release|Any CPU
		{5E96D929-A053-4EB8-8D1F-B672B699B243}.Release|iPhone.ActiveCfg = Release|Any CPU
		{5E96D929-A053-4EB8-8D1F-B672B699B243}.Release|iPhone.Build.0 = Release|Any CPU
		{5E96D929-A053-4EB8-8D1F-B672B699B243}.Release|iPhoneSimulator.ActiveCfg = Release|Any CPU
		{5E96D929-A053-4EB8-8D1F-B672B699B243}.Release|iPhoneSimulator.Build.0 = Release|Any CPU
		{5E96D929-A053-4EB8-8D1F-B672B699B243}.Release|x64.ActiveCfg = Release|Any CPU
		{5E96D929-A053-4EB8-8D1F-B672B699B243}.Release|x64.Build.0 = Release|Any CPU
		{5E96D929-A053-4EB8-8D1F-B672B699B243}.Release|x86.ActiveCfg = Release|Any CPU
		{5E96D929-A053-4EB8-8D1F-B672B699B243}.Release|x86.Build.0 = Release|Any CPU
	EndGlobalSection
	GlobalSection(SolutionProperties) = preSolution
		HideSolutionNode = FALSE
	EndGlobalSection
	GlobalSection(ExtensibilityGlobals) = postSolution
		SolutionGuid = {E76A813E-D5D6-4AF3-B784-1737B5EE635E}
	EndGlobalSection
EndGlobal
